<?xml version="1.0" encoding="utf-8"?>
<Project ToolsVersion="4.0" xmlns="http://schemas.microsoft.com/developer/msbuild/2003">
  <ItemGroup>
    <Filter Include="Source Files">
      <UniqueIdentifier>{4FC737F1-C7A5-4376-A066-2A32D752A2FF}</UniqueIdentifier>
      <Extensions>cpp;c;cc;cxx;def;odl;idl;hpj;bat;asm;asmx</Extensions>
    </Filter>
    <Filter Include="Header Files">
      <UniqueIdentifier>{93995380-89BD-4b04-88EB-625FBE52EBFB}</UniqueIdentifier>
      <Extensions>h;hh;hpp;hxx;hm;inl;inc;xsd</Extensions>
    </Filter>
    <Filter Include="Resource Files">
      <UniqueIdentifier>{67DA6AB6-F800-4c08-8B7A-83BB121AAD01}</UniqueIdentifier>
      <Extensions>rc;ico;cur;bmp;dlg;rc2;rct;bin;rgs;gif;jpg;jpeg;jpe;resx;tiff;tif;png;wav;mfcribbon-ms</Extensions>
    </Filter>
    <Filter Include="Source Files\Background Subtraction">
      <UniqueIdentifier>{844fbf6f-b646-4142-b4ed-9b1c7c15b27c}</UniqueIdentifier>
    </Filter>
    <Filter Include="Source Files\Feature Extraction">
      <UniqueIdentifier>{0071c200-e8cf-433e-988e-e05bfb75c2a0}</UniqueIdentifier>
    </Filter>
    <Filter Include="Header Files\Background Subtraction">
      <UniqueIdentifier>{55f3a337-4cfe-4a52-b426-c433e299eb77}</UniqueIdentifier>
    </Filter>
    <Filter Include="Header Files\Feature Extraction">
      <UniqueIdentifier>{f041afa4-e715-43c0-bac2-72efb2d0c8f5}</UniqueIdentifier>
    </Filter>
  </ItemGroup>
  <ItemGroup>
    <ClCompile Include="CV_MOG.cpp">
      <Filter>Source Files\Background Subtraction</Filter>
    </ClCompile>
    <ClCompile Include="Main.cpp">
      <Filter>Source Files</Filter>
    </ClCompile>
    <ClCompile Include="Contour_extraction.cpp">
      <Filter>Source Files\Feature Extraction</Filter>
    </ClCompile>
    <ClCompile Include="Cutting_silhouette_area.cpp">
      <Filter>Source Files\Feature Extraction</Filter>
    </ClCompile>
    <ClCompile Include="Find_refer_point.cpp">
      <Filter>Source Files\Feature Extraction</Filter>
    </ClCompile>
    <ClCompile Include="Gait_period_cal.cpp">
      <Filter>Source Files\Feature Extraction</Filter>
    </ClCompile>
    <ClCompile Include="HSC.cpp">
      <Filter>Source Files\Feature Extraction</Filter>
    </ClCompile>
    <ClCompile Include="Resampling.cpp">
      <Filter>Source Files\Feature Extraction</Filter>
    </ClCompile>
    <ClCompile Include="Search_center.cpp">
      <Filter>Source Files\Feature Extraction</Filter>
    </ClCompile>
    <ClCompile Include="Star_Skeleton.cpp">
      <Filter>Source Files\Feature Extraction</Filter>
    </ClCompile>
    <ClCompile Include="CV_Masking.cpp">
      <Filter>Source Files\Background Subtraction</Filter>
    </ClCompile>
  </ItemGroup>
  <ItemGroup>
    <ClInclude Include="common.h">
      <Filter>Header Files\Background Subtraction</Filter>
    </ClInclude>
    <ClInclude Include="Contour_extraction.h">
      <Filter>Header Files\Feature Extraction</Filter>
    </ClInclude>
    <ClInclude Include="Cutting_silhouette_area.h">
      <Filter>Header Files\Feature Extraction</Filter>
    </ClInclude>
    <ClInclude Include="Find_refer_point.hpp">
      <Filter>Header Files\Feature Extraction</Filter>
    </ClInclude>
    <ClInclude Include="Gait_period_cal.hpp">
      <Filter>Header Files\Feature Extraction</Filter>
    </ClInclude>
    <ClInclude Include="HSC.hpp">
      <Filter>Header Files\Feature Extraction</Filter>
    </ClInclude>
    <ClInclude Include="Image_open.h">
      <Filter>Header Files\Feature Extraction</Filter>
    </ClInclude>
    <ClInclude Include="opencv_inc.h">
      <Filter>Header Files\Feature Extraction</Filter>
    </ClInclude>
    <ClInclude Include="Resampling.hpp">
      <Filter>Header Files\Feature Extraction</Filter>
    </ClInclude>
    <ClInclude Include="Search_center.h">
      <Filter>Header Files\Feature Extraction</Filter>
    </ClInclude>
    <ClInclude Include="temp.hpp">
      <Filter>Header Files\Feature Extraction</Filter>
    </ClInclude>
    <ClInclude Include="Weight_cal.hpp">
      <Filter>Header Files\Feature Extraction</Filter>
    </ClInclude>
    <ClInclude Include="YJ_Contour.hpp">
      <Filter>Header Files\Feature Extraction</Filter>
    </ClInclude>
  </ItemGroup>
</Project>